
Microsoft Visual Studio Solution File, Format Version 12.00
# Visual Studio Version 17
VisualStudioVersion = 17.7.34031.279
MinimumVisualStudioVersion = 10.0.40219.1
Project("{FAE04EC0-301F-11D3-BF4B-00C04F79EFBC}") = "LibraryManagementSystem", "LibraryManagementSystem\LibraryManagementSystem.csproj", "{CCB6C86E-BC5A-4A71-B270-3A6EC2EE5EF3}"
EndProject
Global
	GlobalSection(SolutionConfigurationPlatforms) = preSolution
		Debug|Any CPU = Debug|Any CPU
		Release|Any CPU = Release|Any CPU
	EndGlobalSection
	GlobalSection(ProjectConfigurationPlatforms) = postSolution
		{CCB6C86E-BC5A-4A71-B270-3A6EC2EE5EF3}.Debug|Any CPU.ActiveCfg = Debug|Any CPU
		{CCB6C86E-BC5A-4A71-B270-3A6EC2EE5EF3}.Debug|Any CPU.Build.0 = Debug|Any CPU
		{CCB6C86E-BC5A-4A71-B270-3A6EC2EE5EF3}.Release|Any CPU.ActiveCfg = Release|Any CPU
		{CCB6C86E-BC5A-4A71-B270-3A6EC2EE5EF3}.Release|Any CPU.Build.0 = Release|Any CPU
	EndGlobalSection
	GlobalSection(SolutionProperties) = preSolution
		HideSolutionNode = FALSE
	EndGlobalSection
	GlobalSection(ExtensibilityGlobals) = postSolution
		SolutionGuid = {AFF3FCF8-7A01-401D-8D27-DDA7AE7B0013}
	EndGlobalSection
EndGlobal
